
Microsoft Visual Studio Solution File, Format Version 12.00
# Visual Studio Version 17
VisualStudioVersion = 17.9.34728.123
MinimumVisualStudioVersion = 10.0.40219.1
Project("{FAE04EC0-301F-11D3-BF4B-00C04F79EFBC}") = "MopMarvels", "MopMarvels.csproj", "{08975825-9CDC-4FA0-ABE5-250D794D8578}"
EndProject
Global
	GlobalSection(SolutionConfigurationPlatforms) = preSolution
		Debug|Any CPU = Debug|Any CPU
		Release|Any CPU = Release|Any CPU
	EndGlobalSection
	GlobalSection(ProjectConfigurationPlatforms) = postSolution
		{08975825-9CDC-4FA0-ABE5-250D794D8578}.Debug|Any CPU.ActiveCfg = Debug|Any CPU
		{08975825-9CDC-4FA0-ABE5-250D794D8578}.Debug|Any CPU.Build.0 = Debug|Any CPU
		{08975825-9CDC-4FA0-ABE5-250D794D8578}.Release|Any CPU.ActiveCfg = Release|Any CPU
		{08975825-9CDC-4FA0-ABE5-250D794D8578}.Release|Any CPU.Build.0 = Release|Any CPU
	EndGlobalSection
	GlobalSection(SolutionProperties) = preSolution
		HideSolutionNode = FALSE
	EndGlobalSection
	GlobalSection(ExtensibilityGlobals) = postSolution
		SolutionGuid = {282A79E4-1A03-4C74-B7CD-8DF2BD09166E}
	EndGlobalSection
EndGlobal
